<?xml version="1.0" encoding="utf-8"?>
<Project ToolsVersion="4.0" xmlns="http://schemas.microsoft.com/developer/msbuild/2003">
  <ItemGroup>
    <ClCompile Include="emulator_dll.c">
      <Filter>Source Files</Filter>
    </ClCompile>
    <ClCompile Include="HP20b_c.cpp">
      <Filter>Source Files</Filter>
    </ClCompile>
    <ClCompile Include="HP20b_cDlg.cpp">
      <Filter>Source Files</Filter>
    </ClCompile>
    <ClCompile Include="skin.cpp">
      <Filter>Source Files</Filter>
    </ClCompile>
    <ClCompile Include="..\..\hp\system.c">
      <Filter>Source Files</Filter>
    </ClCompile>
    <ClCompile Include="VirtualLCD.cpp">
      <Filter>Source Files</Filter>
    </ClCompile>
  </ItemGroup>
  <ItemGroup>
    <ClInclude Include="..\..\hp\application.h">
      <Filter>Header Files</Filter>
    </ClInclude>
    <ClInclude Include="HP20b_c.h">
      <Filter>Header Files</Filter>
    </ClInclude>
    <ClInclude Include="HP20b_cDlg.h">
      <Filter>Header Files</Filter>
    </ClInclude>
    <ClInclude Include="resource.h">
      <Filter>Header Files</Filter>
    </ClInclude>
    <ClInclude Include="skin.h">
      <Filter>Header Files</Filter>
    </ClInclude>
    <ClInclude Include="StdAfx.h">
      <Filter>Header Files</Filter>
    </ClInclude>
    <ClInclude Include="..\..\hp\types.h">
      <Filter>Header Files</Filter>
    </ClInclude>
    <ClInclude Include="VirtualLCD.h">
      <Filter>Header Files</Filter>
    </ClInclude>
    <ClInclude Include="emulator_dll.h">
      <Filter>Header Files</Filter>
    </ClInclude>
    <ClInclude Include="..\..\hp\graphics.h">
      <Filter>Header Files</Filter>
    </ClInclude>
    <ClInclude Include="..\..\hp\system.h">
      <Filter>Header Files</Filter>
    </ClInclude>
  </ItemGroup>
  <ItemGroup>
    <Filter Include="Header Files">
      <UniqueIdentifier>{fb9267be-7c9a-480f-a80d-e27d4a26a1b7}</UniqueIdentifier>
    </Filter>
    <Filter Include="Source Files">
      <UniqueIdentifier>{3bb905f7-d9c7-4cab-aef7-a93d688197c5}</UniqueIdentifier>
    </Filter>
  </ItemGroup>
</Project>