<?xml version="1.0" encoding="utf-8"?>
<Project ToolsVersion="4.0" xmlns="http://schemas.microsoft.com/developer/msbuild/2003">
  <ItemGroup>
    <ClCompile Include="..\..\consts\allconsts.c">
      <Filter>Source Files</Filter>
    </ClCompile>
    <ClCompile Include="..\..\xrom.c">
      <Filter>Source Files</Filter>
    </ClCompile>
    <ClCompile Include="..\..\alpha.c">
      <Filter>Source Files</Filter>
    </ClCompile>
    <ClCompile Include="..\..\charmap.c">
      <Filter>Source Files</Filter>
    </ClCompile>
    <ClCompile Include="..\..\commands.c">
      <Filter>Source Files</Filter>
    </ClCompile>
    <ClCompile Include="..\..\complex.c">
      <Filter>Source Files</Filter>
    </ClCompile>
    <ClCompile Include="..\..\consts.c">
      <Filter>Source Files</Filter>
    </ClCompile>
    <ClCompile Include="..\..\date.c">
      <Filter>Source Files</Filter>
    </ClCompile>
    <ClCompile Include="..\..\decn.c">
      <Filter>Source Files</Filter>
    </ClCompile>
    <ClCompile Include="..\..\display.c">
      <Filter>Source Files</Filter>
    </ClCompile>
    <ClCompile Include="..\..\int.c">
      <Filter>Source Files</Filter>
    </ClCompile>
    <ClCompile Include="..\..\keys.c">
      <Filter>Source Files</Filter>
    </ClCompile>
    <ClCompile Include="..\..\lcd.c">
      <Filter>Source Files</Filter>
    </ClCompile>
    <ClCompile Include="..\..\prt.c">
      <Filter>Source Files</Filter>
    </ClCompile>
    <ClCompile Include="..\..\stats.c">
      <Filter>Source Files</Filter>
    </ClCompile>
    <ClCompile Include="..\..\string.c">
      <Filter>Source Files</Filter>
    </ClCompile>
    <ClCompile Include="..\..\xeq.c">
      <Filter>Source Files</Filter>
    </ClCompile>
    <ClCompile Include="..\..\hp\system.c">
      <Filter>Source Files</Filter>
    </ClCompile>
    <ClCompile Include="wp34sgui.c">
      <Filter>Source Files</Filter>
    </ClCompile>
  </ItemGroup>
  <ItemGroup>
    <ClInclude Include="..\..\alpha.h">
      <Filter>Header Files</Filter>
    </ClInclude>
    <ClInclude Include="..\..\hp\application.h">
      <Filter>Header Files</Filter>
    </ClInclude>
    <ClInclude Include="..\..\charset.h">
      <Filter>Header Files</Filter>
    </ClInclude>
    <ClInclude Include="..\..\complex.h">
      <Filter>Header Files</Filter>
    </ClInclude>
    <ClInclude Include="..\..\consts.h">
      <Filter>Header Files</Filter>
    </ClInclude>
    <ClInclude Include="..\..\date.h">
      <Filter>Header Files</Filter>
    </ClInclude>
    <ClInclude Include="..\..\decn.h">
      <Filter>Header Files</Filter>
    </ClInclude>
    <ClInclude Include="..\..\display.h">
      <Filter>Header Files</Filter>
    </ClInclude>
    <ClInclude Include="..\..\int.h">
      <Filter>Header Files</Filter>
    </ClInclude>
    <ClInclude Include="..\..\keys.h">
      <Filter>Header Files</Filter>
    </ClInclude>
    <ClInclude Include="..\..\lcd.h">
      <Filter>Header Files</Filter>
    </ClInclude>
    <ClInclude Include="..\..\stats.h">
      <Filter>Header Files</Filter>
    </ClInclude>
    <ClInclude Include="..\..\statebits.h">
      <Filter>Header Files</Filter>
    </ClInclude>
    <ClInclude Include="..\..\hp\types.h">
      <Filter>Header Files</Filter>
    </ClInclude>
    <ClInclude Include="..\..\xrom.h">
      <Filter>Header Files</Filter>
    </ClInclude>
    <ClInclude Include="..\..\xeq.h">
      <Filter>Header Files</Filter>
    </ClInclude>
    <ClInclude Include="..\..\hp.h">
      <Filter>Header Files</Filter>
    </ClInclude>
    <ClInclude Include="..\..\features.h">
      <Filter>Header Files</Filter>
    </ClInclude>
    <ClInclude Include="..\emulator\emulator_dll.h">
      <Filter>Header Files</Filter>
    </ClInclude>
    <ClInclude Include="..\..\catalogues.h">
      <Filter>Header Files</Filter>
    </ClInclude>
    <ClInclude Include="builddate.h">
      <Filter>Header Files</Filter>
    </ClInclude>
    <ClInclude Include="..\..\charset7.h">
      <Filter>Header Files</Filter>
    </ClInclude>
    <ClInclude Include="..\..\lcdmap.h">
      <Filter>Header Files</Filter>
    </ClInclude>
  </ItemGroup>
  <ItemGroup>
    <Filter Include="Header Files">
      <UniqueIdentifier>{01598bf4-739f-4b6a-99c9-4fc0a53e7722}</UniqueIdentifier>
    </Filter>
    <Filter Include="Source Files">
      <UniqueIdentifier>{74d179ce-be65-418c-ab61-181302ca285d}</UniqueIdentifier>
    </Filter>
    <Filter Include="Resource Files">
      <UniqueIdentifier>{7bd48422-42f2-400a-87e3-85bb48697ecb}</UniqueIdentifier>
    </Filter>
    <Filter Include="Skins">
      <UniqueIdentifier>{bd2c4a53-e446-4b8c-9cc7-93177139ec69}</UniqueIdentifier>
    </Filter>
    <Filter Include="Utilities">
      <UniqueIdentifier>{767a3b23-bf02-4b7f-b17a-e2c9425ee2b5}</UniqueIdentifier>
    </Filter>
  </ItemGroup>
  <ItemGroup>
    <Resource Include="..\emulator\res\emulator.res">
      <Filter>Resource Files</Filter>
    </Resource>
  </ItemGroup>
  <ItemGroup>
    <None Include="..\bin\Compact 34s.skin">
      <Filter>Skins</Filter>
    </None>
    <None Include="..\bin\Medium 34s.skin">
      <Filter>Skins</Filter>
    </None>
    <None Include="..\bin\wp34s_compact.bmp">
      <Filter>Skins</Filter>
    </None>
    <None Include="..\bin\wp34s_medium.bmp">
      <Filter>Skins</Filter>
    </None>
    <None Include="CreateDate.exe">
      <Filter>Utilities</Filter>
    </None>
    <None Include="..\bin\LED 34s.skin">
      <Filter>Skins</Filter>
    </None>
    <None Include="..\bin\wp34s_LED.bmp">
      <Filter>Skins</Filter>
    </None>
  </ItemGroup>
</Project>