<?xml version="1.0" encoding="utf-8"?>
<Project ToolsVersion="4.0" xmlns="http://schemas.microsoft.com/developer/msbuild/2003">
  <ItemGroup>
    <Filter Include="Documentation">
      <UniqueIdentifier>{67DA6AB6-F800-4c08-8B7A-83BB121AAD01}</UniqueIdentifier>
      <Extensions>rc;ico;cur;bmp;dlg;rc2;rct;bin;rgs;gif;jpg;jpeg;jpe;resx;tiff;tif;png;wav;mfcribbon-ms</Extensions>
    </Filter>
    <Filter Include="Artwork">
      <UniqueIdentifier>{4FC737F1-C7A5-4376-A066-2A32D752A2FF}</UniqueIdentifier>
      <Extensions>cpp;c;cc;cxx;def;odl;idl;hpj;bat;asm;asmx</Extensions>
    </Filter>
    <Filter Include="Various Files">
      <UniqueIdentifier>{93995380-89BD-4b04-88EB-625FBE52EBFB}</UniqueIdentifier>
      <Extensions>h;hpp;hxx;hm;inl;inc;xsd</Extensions>
    </Filter>
    <Filter Include="Windows Binaries">
      <UniqueIdentifier>{c5e36fdf-4bda-4df2-b14a-a15ad87bed02}</UniqueIdentifier>
    </Filter>
    <Filter Include="Artwork\HP">
      <UniqueIdentifier>{93928e77-d466-41e5-8d81-5034f72ffabf}</UniqueIdentifier>
    </Filter>
    <Filter Include="Atmel sources">
      <UniqueIdentifier>{c315ab66-c52a-4bf7-95c6-d78dcad5a593}</UniqueIdentifier>
    </Filter>
    <Filter Include="OpenOCD">
      <UniqueIdentifier>{a4e770e9-e491-4e2b-ab32-9d5cfc18e044}</UniqueIdentifier>
    </Filter>
  </ItemGroup>
  <ItemGroup>
    <None Include="..\..\..\artwork\wp34s_medium.xcf">
      <Filter>Artwork</Filter>
    </None>
    <None Include="..\..\..\artwork\wp34s_compact.bmp">
      <Filter>Artwork</Filter>
    </None>
    <None Include="..\..\..\artwork\wp34s_medium.bmp">
      <Filter>Artwork</Filter>
    </None>
    <None Include="..\..\COPYING">
      <Filter>Various Files</Filter>
    </None>
    <None Include="..\..\linux-build-arm">
      <Filter>Various Files</Filter>
    </None>
    <None Include="..\..\mac-build-arm">
      <Filter>Various Files</Filter>
    </None>
    <None Include="..\..\Makefile">
      <Filter>Various Files</Filter>
    </None>
    <None Include="..\..\NEW">
      <Filter>Various Files</Filter>
    </None>
    <None Include="..\..\TODO">
      <Filter>Various Files</Filter>
    </None>
    <None Include="..\..\..\doc\tvm-formulas">
      <Filter>Documentation</Filter>
    </None>
    <None Include="..\..\..\doc\conversion.txt">
      <Filter>Documentation</Filter>
    </None>
    <None Include="..\..\..\doc\formulas">
      <Filter>Documentation</Filter>
    </None>
    <None Include="..\..\..\doc\layout">
      <Filter>Documentation</Filter>
    </None>
    <None Include="..\bin\wp34sgui.exe">
      <Filter>Windows Binaries</Filter>
    </None>
    <None Include="..\bin\emulator.dll">
      <Filter>Windows Binaries</Filter>
    </None>
    <None Include="..\bin\emulator_d.dll">
      <Filter>Windows Binaries</Filter>
    </None>
    <None Include="..\bin\emulator_d.exp">
      <Filter>Windows Binaries</Filter>
    </None>
    <None Include="..\bin\emulator_d.pdb">
      <Filter>Windows Binaries</Filter>
    </None>
    <None Include="..\bin\wp34s.exe">
      <Filter>Windows Binaries</Filter>
    </None>
    <None Include="..\winreadme.txt">
      <Filter>Various Files</Filter>
    </None>
    <None Include="..\wp34s_express.sln">
      <Filter>Various Files</Filter>
    </None>
    <None Include="..\..\..\artwork\wp34s_LED.bmp">
      <Filter>Artwork</Filter>
    </None>
    <None Include="..\bin\wp34s_Manual.pdf">
      <Filter>Documentation</Filter>
    </None>
    <None Include="..\..\..\revision.txt">
      <Filter>Various Files</Filter>
    </None>
    <None Include="..\..\..\artwork\wp.png">
      <Filter>Artwork</Filter>
    </None>
    <None Include="..\..\..\artwork\wp34s.ico">
      <Filter>Artwork</Filter>
    </None>
    <None Include="..\..\..\artwork\HP\VirtualLCDBitmap.bmp">
      <Filter>Artwork\HP</Filter>
    </None>
    <None Include="..\..\..\artwork\HP\HP20b_c.ico">
      <Filter>Artwork\HP</Filter>
    </None>
    <None Include="..\..\..\artwork\HP\HP20b_compact.bmp">
      <Filter>Artwork\HP</Filter>
    </None>
    <None Include="..\..\..\artwork\HP\HP20b_large.bmp">
      <Filter>Artwork\HP</Filter>
    </None>
    <None Include="..\..\..\artwork\HP\HP20b_medium.bmp">
      <Filter>Artwork\HP</Filter>
    </None>
    <None Include="..\..\..\artwork\HP\HP20b_small.bmp">
      <Filter>Artwork\HP</Filter>
    </None>
    <None Include="..\..\..\artwork\wp34s_compact+LED.xcf">
      <Filter>Artwork</Filter>
    </None>
    <None Include="..\..\..\artwork\Keyboard-medium.png">
      <Filter>Artwork</Filter>
    </None>
    <None Include="..\..\..\artwork\Keyboard-compact.png">
      <Filter>Artwork</Filter>
    </None>
    <None Include="..\..\atmel\board_cstartup.S">
      <Filter>Atmel sources</Filter>
    </None>
    <None Include="..\..\atmel\at91sam7l128\flash.lds">
      <Filter>Atmel sources</Filter>
    </None>
    <None Include="..\..\..\doc\ENTER_20b_1_17.pdf">
      <Filter>Documentation</Filter>
    </None>
    <None Include="..\..\openocd\at91sam7l128-program-flash.cfg">
      <Filter>OpenOCD</Filter>
    </None>
    <None Include="..\..\openocd\olimex-arm-usb-ocd.cfg">
      <Filter>OpenOCD</Filter>
    </None>
    <None Include="..\..\openocd\at91sam7l128-server.cfg">
      <Filter>OpenOCD</Filter>
    </None>
    <None Include="..\..\openocd\at91sam7l128.cfg">
      <Filter>OpenOCD</Filter>
    </None>
    <None Include="..\..\openocd\Makefile">
      <Filter>OpenOCD</Filter>
    </None>
  </ItemGroup>
  <ItemGroup>
    <ClCompile Include="..\..\asone.c">
      <Filter>Various Files</Filter>
    </ClCompile>
    <ClCompile Include="..\..\lcdgen.c">
      <Filter>Various Files</Filter>
    </ClCompile>
    <ClCompile Include="..\..\genchars7.c">
      <Filter>Various Files</Filter>
    </ClCompile>
    <ClCompile Include="..\..\atmel\aic.c">
      <Filter>Atmel sources</Filter>
    </ClCompile>
    <ClCompile Include="..\..\atmel\board_lowlevel.c">
      <Filter>Atmel sources</Filter>
    </ClCompile>
    <ClCompile Include="..\..\atmel\board_memories.c">
      <Filter>Atmel sources</Filter>
    </ClCompile>
    <ClCompile Include="..\..\atmel\dbgu.c">
      <Filter>Atmel sources</Filter>
    </ClCompile>
    <ClCompile Include="..\..\atmel\pit.c">
      <Filter>Atmel sources</Filter>
    </ClCompile>
    <ClCompile Include="..\..\atmel\pmc.c">
      <Filter>Atmel sources</Filter>
    </ClCompile>
    <ClCompile Include="..\..\atmel\rtc.c">
      <Filter>Atmel sources</Filter>
    </ClCompile>
    <ClCompile Include="..\..\atmel\slcdc.c">
      <Filter>Atmel sources</Filter>
    </ClCompile>
    <ClCompile Include="..\..\atmel\supc.c">
      <Filter>Atmel sources</Filter>
    </ClCompile>
    <ClCompile Include="..\..\main.c">
      <Filter>Various Files</Filter>
    </ClCompile>
  </ItemGroup>
  <ItemGroup>
    <Library Include="..\bin\emulator_d.lib">
      <Filter>Windows Binaries</Filter>
    </Library>
  </ItemGroup>
  <ItemGroup>
    <ClInclude Include="..\..\atmel\supc.h">
      <Filter>Atmel sources</Filter>
    </ClInclude>
    <ClInclude Include="..\..\atmel\aic.h">
      <Filter>Atmel sources</Filter>
    </ClInclude>
    <ClInclude Include="..\..\atmel\board.h">
      <Filter>Atmel sources</Filter>
    </ClInclude>
    <ClInclude Include="..\..\atmel\board_lowlevel.h">
      <Filter>Atmel sources</Filter>
    </ClInclude>
    <ClInclude Include="..\..\atmel\board_memories.h">
      <Filter>Atmel sources</Filter>
    </ClInclude>
    <ClInclude Include="..\..\atmel\dbgu.h">
      <Filter>Atmel sources</Filter>
    </ClInclude>
    <ClInclude Include="..\..\atmel\pit.h">
      <Filter>Atmel sources</Filter>
    </ClInclude>
    <ClInclude Include="..\..\atmel\pmc.h">
      <Filter>Atmel sources</Filter>
    </ClInclude>
    <ClInclude Include="..\..\atmel\rtc.h">
      <Filter>Atmel sources</Filter>
    </ClInclude>
    <ClInclude Include="..\..\atmel\slcdc.h">
      <Filter>Atmel sources</Filter>
    </ClInclude>
    <ClInclude Include="..\..\atmel\at91sam7l128\AT91SAM7L128.h">
      <Filter>Atmel sources</Filter>
    </ClInclude>
  </ItemGroup>
</Project>