<?xml version="1.0" encoding="utf-8"?>
<Project ToolsVersion="4.0" xmlns="http://schemas.microsoft.com/developer/msbuild/2003">
  <ItemGroup>
    <Filter Include="Documentation">
      <UniqueIdentifier>{67DA6AB6-F800-4c08-8B7A-83BB121AAD01}</UniqueIdentifier>
      <Extensions>rc;ico;cur;bmp;dlg;rc2;rct;bin;rgs;gif;jpg;jpeg;jpe;resx;tiff;tif;png;wav;mfcribbon-ms</Extensions>
    </Filter>
    <Filter Include="Artwork">
      <UniqueIdentifier>{4FC737F1-C7A5-4376-A066-2A32D752A2FF}</UniqueIdentifier>
      <Extensions>cpp;c;cc;cxx;def;odl;idl;hpj;bat;asm;asmx</Extensions>
    </Filter>
    <Filter Include="Various Files">
      <UniqueIdentifier>{93995380-89BD-4b04-88EB-625FBE52EBFB}</UniqueIdentifier>
      <Extensions>h;hpp;hxx;hm;inl;inc;xsd</Extensions>
    </Filter>
    <Filter Include="Windows Binaries">
      <UniqueIdentifier>{c5e36fdf-4bda-4df2-b14a-a15ad87bed02}</UniqueIdentifier>
    </Filter>
    <Filter Include="Artwork\HP">
      <UniqueIdentifier>{93928e77-d466-41e5-8d81-5034f72ffabf}</UniqueIdentifier>
    </Filter>
    <Filter Include="Atmel sources">
      <UniqueIdentifier>{c315ab66-c52a-4bf7-95c6-d78dcad5a593}</UniqueIdentifier>
    </Filter>
    <Filter Include="OpenOCD">
      <UniqueIdentifier>{a4e770e9-e491-4e2b-ab32-9d5cfc18e044}</UniqueIdentifier>
    </Filter>
    <Filter Include="Flash Images">
      <UniqueIdentifier>{36224861-d86a-4392-ab29-da90c36f14e0}</UniqueIdentifier>
    </Filter>
    <Filter Include="Assembler">
      <UniqueIdentifier>{348936bb-f586-4965-b354-9ab5ef9e0d05}</UniqueIdentifier>
    </Filter>
    <Filter Include="Release Files">
      <UniqueIdentifier>{d126a62d-440c-4694-b396-7ec626b4e925}</UniqueIdentifier>
    </Filter>
    <Filter Include="library">
      <UniqueIdentifier>{a88e9381-ee44-46fe-b364-89bd0f19c0eb}</UniqueIdentifier>
    </Filter>
    <Filter Include="unused sources">
      <UniqueIdentifier>{15540d7b-2662-4588-bcd8-9a1c8c076286}</UniqueIdentifier>
    </Filter>
  </ItemGroup>
  <ItemGroup>
    <None Include="..\..\..\artwork\wp34s_medium.xcf">
      <Filter>Artwork</Filter>
    </None>
    <None Include="..\..\..\artwork\wp34s_compact.bmp">
      <Filter>Artwork</Filter>
    </None>
    <None Include="..\..\..\artwork\wp34s_medium.bmp">
      <Filter>Artwork</Filter>
    </None>
    <None Include="..\..\COPYING">
      <Filter>Various Files</Filter>
    </None>
    <None Include="..\..\linux-build-arm">
      <Filter>Various Files</Filter>
    </None>
    <None Include="..\..\mac-build-arm">
      <Filter>Various Files</Filter>
    </None>
    <None Include="..\..\Makefile">
      <Filter>Various Files</Filter>
    </None>
    <None Include="..\..\..\doc\tvm-formulas">
      <Filter>Documentation</Filter>
    </None>
    <None Include="..\..\..\doc\formulas">
      <Filter>Documentation</Filter>
    </None>
    <None Include="..\..\..\doc\layout">
      <Filter>Documentation</Filter>
    </None>
    <None Include="..\bin\wp34sgui.exe">
      <Filter>Windows Binaries</Filter>
    </None>
    <None Include="..\bin\emulator.dll">
      <Filter>Windows Binaries</Filter>
    </None>
    <None Include="..\bin\emulator_d.dll">
      <Filter>Windows Binaries</Filter>
    </None>
    <None Include="..\bin\emulator_d.exp">
      <Filter>Windows Binaries</Filter>
    </None>
    <None Include="..\bin\emulator_d.pdb">
      <Filter>Windows Binaries</Filter>
    </None>
    <None Include="..\bin\wp34s.exe">
      <Filter>Windows Binaries</Filter>
    </None>
    <None Include="..\winreadme.txt">
      <Filter>Various Files</Filter>
    </None>
    <None Include="..\wp34s_express.sln">
      <Filter>Various Files</Filter>
    </None>
    <None Include="..\..\..\artwork\wp34s_LED.bmp">
      <Filter>Artwork</Filter>
    </None>
    <None Include="..\bin\wp34s_Manual.pdf">
      <Filter>Documentation</Filter>
    </None>
    <None Include="..\..\..\revision.txt">
      <Filter>Various Files</Filter>
    </None>
    <None Include="..\..\..\artwork\wp.png">
      <Filter>Artwork</Filter>
    </None>
    <None Include="..\..\..\artwork\wp34s.ico">
      <Filter>Artwork</Filter>
    </None>
    <None Include="..\..\..\artwork\HP\VirtualLCDBitmap.bmp">
      <Filter>Artwork\HP</Filter>
    </None>
    <None Include="..\..\..\artwork\HP\HP20b_c.ico">
      <Filter>Artwork\HP</Filter>
    </None>
    <None Include="..\..\..\artwork\HP\HP20b_compact.bmp">
      <Filter>Artwork\HP</Filter>
    </None>
    <None Include="..\..\..\artwork\HP\HP20b_large.bmp">
      <Filter>Artwork\HP</Filter>
    </None>
    <None Include="..\..\..\artwork\HP\HP20b_medium.bmp">
      <Filter>Artwork\HP</Filter>
    </None>
    <None Include="..\..\..\artwork\HP\HP20b_small.bmp">
      <Filter>Artwork\HP</Filter>
    </None>
    <None Include="..\..\..\artwork\wp34s_compact+LED.xcf">
      <Filter>Artwork</Filter>
    </None>
    <None Include="..\..\atmel\board_cstartup.S">
      <Filter>Atmel sources</Filter>
    </None>
    <None Include="..\..\openocd\at91sam7l128-program-flash.cfg">
      <Filter>OpenOCD</Filter>
    </None>
    <None Include="..\..\openocd\olimex-arm-usb-ocd.cfg">
      <Filter>OpenOCD</Filter>
    </None>
    <None Include="..\..\openocd\at91sam7l128-server.cfg">
      <Filter>OpenOCD</Filter>
    </None>
    <None Include="..\..\openocd\at91sam7l128.cfg">
      <Filter>OpenOCD</Filter>
    </None>
    <None Include="..\..\openocd\Makefile">
      <Filter>OpenOCD</Filter>
    </None>
    <None Include="..\..\realbuild\summary.txt">
      <Filter>Flash Images</Filter>
    </None>
    <None Include="..\..\realbuild\calc">
      <Filter>Flash Images</Filter>
    </None>
    <None Include="..\..\realbuild\calc.bin">
      <Filter>Flash Images</Filter>
    </None>
    <None Include="..\..\realbuild\mapfile.txt">
      <Filter>Flash Images</Filter>
    </None>
    <None Include="..\bin\wp34stest.exe">
      <Filter>Windows Binaries</Filter>
    </None>
    <None Include="..\..\..\doc\flash.txt">
      <Filter>Documentation</Filter>
    </None>
    <None Include="..\..\..\doc\constants.txt">
      <Filter>Documentation</Filter>
    </None>
    <None Include="..\..\tools\wp34s_conv.pl">
      <Filter>Assembler</Filter>
    </None>
    <None Include="..\..\tools\wp34s.op">
      <Filter>Assembler</Filter>
    </None>
    <None Include="..\..\tools\wp34s_asm.pl">
      <Filter>Assembler</Filter>
    </None>
    <None Include="..\..\..\release\wp34s.zip">
      <Filter>Release Files</Filter>
    </None>
    <None Include="..\..\..\release\makezip.cmd">
      <Filter>Release Files</Filter>
    </None>
    <None Include="..\..\..\release\upload.sh">
      <Filter>Release Files</Filter>
    </None>
    <None Include="..\wp34sgui\wp34s.ini">
      <Filter>Various Files</Filter>
    </None>
    <None Include="..\..\..\library\vectors_pp.wp34s">
      <Filter>library</Filter>
    </None>
    <None Include="..\..\..\library\8queens.wp34s">
      <Filter>library</Filter>
    </None>
    <None Include="..\..\..\library\8queens_pp.wp34s">
      <Filter>library</Filter>
    </None>
    <None Include="..\..\..\library\code_breaker.wp34s">
      <Filter>library</Filter>
    </None>
    <None Include="..\..\..\library\code_breaker_pp.wp34s">
      <Filter>library</Filter>
    </None>
    <None Include="..\..\..\library\derivative.wp34s">
      <Filter>library</Filter>
    </None>
    <None Include="..\..\..\library\fibonacci.wp34s">
      <Filter>library</Filter>
    </None>
    <None Include="..\..\..\library\HHC2010_Challenge.wp34s">
      <Filter>library</Filter>
    </None>
    <None Include="..\..\..\library\integrate.wp34s">
      <Filter>library</Filter>
    </None>
    <None Include="..\..\..\library\matrix.wp34s">
      <Filter>library</Filter>
    </None>
    <None Include="..\..\..\library\matrixedit.wp34s">
      <Filter>library</Filter>
    </None>
    <None Include="..\..\..\library\PF.wp34s">
      <Filter>library</Filter>
    </None>
    <None Include="..\..\..\library\primesieve.wp34s">
      <Filter>library</Filter>
    </None>
    <None Include="..\..\..\library\primesieve_pp.wp34s">
      <Filter>library</Filter>
    </None>
    <None Include="..\..\..\library\product.wp34s">
      <Filter>library</Filter>
    </None>
    <None Include="..\..\..\library\quadratic.wp34s">
      <Filter>library</Filter>
    </None>
    <None Include="..\..\..\library\quaternions.txt">
      <Filter>library</Filter>
    </None>
    <None Include="..\..\..\library\quaternions.wp34s">
      <Filter>library</Filter>
    </None>
    <None Include="..\..\..\library\README">
      <Filter>library</Filter>
    </None>
    <None Include="..\..\..\library\README_ASM">
      <Filter>library</Filter>
    </None>
    <None Include="..\..\..\library\savage.wp34s">
      <Filter>library</Filter>
    </None>
    <None Include="..\..\..\library\solver.wp34s">
      <Filter>library</Filter>
    </None>
    <None Include="..\..\..\library\sum.wp34s">
      <Filter>library</Filter>
    </None>
    <None Include="..\..\..\library\temp.wp34s">
      <Filter>library</Filter>
    </None>
    <None Include="..\..\..\library\TRIGON.wp34s">
      <Filter>library</Filter>
    </None>
    <None Include="..\..\..\library\TVM.wp34s">
      <Filter>library</Filter>
    </None>
    <None Include="..\..\..\library\vectors.wp34s">
      <Filter>library</Filter>
    </None>
    <None Include="..\..\..\doc\WP34s_Assembler_Disassembler.pdf">
      <Filter>Documentation</Filter>
    </None>
    <None Include="..\..\..\doc\Manual_wp_34s_2_2.pdf">
      <Filter>Documentation</Filter>
    </None>
    <None Include="..\..\..\doc\Manual_wp_34s_3_0.pdf">
      <Filter>Documentation</Filter>
    </None>
    <None Include="..\..\..\artwork\wp34s_v3_medium.png">
      <Filter>Artwork</Filter>
    </None>
    <None Include="..\..\..\artwork\wp34s_v3_medium.bmp">
      <Filter>Artwork</Filter>
    </None>
    <None Include="..\..\decNumber\decnumber.pdf">
      <Filter>Documentation</Filter>
    </None>
    <None Include="..\..\tools\wp34s_lib.pl">
      <Filter>Assembler</Filter>
    </None>
    <None Include="..\..\tools\wp34s_pp.pl">
      <Filter>Assembler</Filter>
    </None>
    <None Include="..\..\unused\matrix.c-high">
      <Filter>unused sources</Filter>
    </None>
    <None Include="..\..\realbuild\symbols_xtal.txt">
      <Filter>Flash Images</Filter>
    </None>
    <None Include="..\..\realbuild\calc_full.bin">
      <Filter>Flash Images</Filter>
    </None>
    <None Include="..\..\realbuild\calc_xtal">
      <Filter>Flash Images</Filter>
    </None>
    <None Include="..\..\realbuild\calc_xtal.bin">
      <Filter>Flash Images</Filter>
    </None>
    <None Include="..\..\realbuild\calc_xtal_full.bin">
      <Filter>Flash Images</Filter>
    </None>
    <None Include="..\..\realbuild\join.cmd">
      <Filter>Flash Images</Filter>
    </None>
    <None Include="..\..\realbuild\mapfile_xtal.txt">
      <Filter>Flash Images</Filter>
    </None>
    <None Include="..\..\realbuild\summary_xtal.txt">
      <Filter>Flash Images</Filter>
    </None>
    <None Include="..\..\realbuild\symbols.txt">
      <Filter>Flash Images</Filter>
    </None>
    <None Include="..\..\realbuild\symbols_ir.txt">
      <Filter>Flash Images</Filter>
    </None>
    <None Include="..\..\realbuild\calc_ir">
      <Filter>Flash Images</Filter>
    </None>
    <None Include="..\..\realbuild\calc_ir.bin">
      <Filter>Flash Images</Filter>
    </None>
    <None Include="..\..\realbuild\summary_ir.txt">
      <Filter>Flash Images</Filter>
    </None>
    <None Include="..\..\tools\command-alias.csv">
      <Filter>Various Files</Filter>
    </None>
  </ItemGroup>
  <ItemGroup>
    <ClCompile Include="..\..\asone.c">
      <Filter>Various Files</Filter>
    </ClCompile>
    <ClCompile Include="..\..\lcdgen.c">
      <Filter>Various Files</Filter>
    </ClCompile>
    <ClCompile Include="..\..\genchars7.c">
      <Filter>Various Files</Filter>
    </ClCompile>
    <ClCompile Include="..\..\atmel\aic.c">
      <Filter>Atmel sources</Filter>
    </ClCompile>
    <ClCompile Include="..\..\atmel\board_lowlevel.c">
      <Filter>Atmel sources</Filter>
    </ClCompile>
    <ClCompile Include="..\..\atmel\board_memories.c">
      <Filter>Atmel sources</Filter>
    </ClCompile>
    <ClCompile Include="..\..\atmel\dbgu.c">
      <Filter>Atmel sources</Filter>
    </ClCompile>
    <ClCompile Include="..\..\atmel\pmc.c">
      <Filter>Atmel sources</Filter>
    </ClCompile>
    <ClCompile Include="..\..\atmel\rtc.c">
      <Filter>Atmel sources</Filter>
    </ClCompile>
    <ClCompile Include="..\..\atmel\slcdc.c">
      <Filter>Atmel sources</Filter>
    </ClCompile>
    <ClCompile Include="..\..\atmel\supc.c">
      <Filter>Atmel sources</Filter>
    </ClCompile>
    <ClCompile Include="..\..\main.c">
      <Filter>Various Files</Filter>
    </ClCompile>
    <ClCompile Include="..\..\post_process.c">
      <Filter>Various Files</Filter>
    </ClCompile>
    <ClCompile Include="..\..\unused\zeta.c">
      <Filter>unused sources</Filter>
    </ClCompile>
    <ClCompile Include="..\..\unused\agm.c">
      <Filter>unused sources</Filter>
    </ClCompile>
    <ClCompile Include="..\..\unused\distributions.c">
      <Filter>unused sources</Filter>
    </ClCompile>
    <ClCompile Include="..\..\unused\lambertW.c">
      <Filter>unused sources</Filter>
    </ClCompile>
    <ClCompile Include="..\..\unused\parallel.c">
      <Filter>unused sources</Filter>
    </ClCompile>
    <ClCompile Include="..\..\unused\stats-cont-discrete.c">
      <Filter>unused sources</Filter>
    </ClCompile>
    <ClCompile Include="..\..\unused\stats-uppertail-cdf.c">
      <Filter>unused sources</Filter>
    </ClCompile>
    <ClCompile Include="..\..\unused\beta.c">
      <Filter>unused sources</Filter>
    </ClCompile>
    <ClCompile Include="..\..\unused\complex.c">
      <Filter>unused sources</Filter>
    </ClCompile>
    <ClCompile Include="..\..\unused\date.c">
      <Filter>unused sources</Filter>
    </ClCompile>
    <ClCompile Include="..\..\unused\error-function.c">
      <Filter>unused sources</Filter>
    </ClCompile>
    <ClCompile Include="..\..\unused\fibonacci.c">
      <Filter>unused sources</Filter>
    </ClCompile>
    <ClCompile Include="..\..\unused\orthopolys.c">
      <Filter>unused sources</Filter>
    </ClCompile>
    <ClCompile Include="..\..\unused\percent.c">
      <Filter>unused sources</Filter>
    </ClCompile>
    <ClCompile Include="..\..\unused\permutations.c">
      <Filter>unused sources</Filter>
    </ClCompile>
  </ItemGroup>
  <ItemGroup>
    <Library Include="..\bin\emulator_d.lib">
      <Filter>Windows Binaries</Filter>
    </Library>
  </ItemGroup>
  <ItemGroup>
    <ClInclude Include="..\..\atmel\supc.h">
      <Filter>Atmel sources</Filter>
    </ClInclude>
    <ClInclude Include="..\..\atmel\aic.h">
      <Filter>Atmel sources</Filter>
    </ClInclude>
    <ClInclude Include="..\..\atmel\board.h">
      <Filter>Atmel sources</Filter>
    </ClInclude>
    <ClInclude Include="..\..\atmel\board_lowlevel.h">
      <Filter>Atmel sources</Filter>
    </ClInclude>
    <ClInclude Include="..\..\atmel\board_memories.h">
      <Filter>Atmel sources</Filter>
    </ClInclude>
    <ClInclude Include="..\..\atmel\dbgu.h">
      <Filter>Atmel sources</Filter>
    </ClInclude>
    <ClInclude Include="..\..\atmel\pmc.h">
      <Filter>Atmel sources</Filter>
    </ClInclude>
    <ClInclude Include="..\..\atmel\rtc.h">
      <Filter>Atmel sources</Filter>
    </ClInclude>
    <ClInclude Include="..\..\atmel\slcdc.h">
      <Filter>Atmel sources</Filter>
    </ClInclude>
    <ClInclude Include="..\..\atmel\at91sam7l128\AT91SAM7L128.h">
      <Filter>Atmel sources</Filter>
    </ClInclude>
  </ItemGroup>
</Project>