
Microsoft Visual Studio Solution File, Format Version 11.00
# Visual Studio 2010
Project("{8BC9CEB8-8B4A-11D0-8D11-00A0C91BC942}") = "wp34s", "wp34s\wp34s.vcxproj", "{862DF249-7A82-4DA2-A5CB-5F83E2C40F6B}"
	ProjectSection(ProjectDependencies) = postProject
		{CE47BB6A-846D-4A8B-BF4D-95D570FED301} = {CE47BB6A-846D-4A8B-BF4D-95D570FED301}
		{762F88A0-B550-4624-8988-9DC435A26DE3} = {762F88A0-B550-4624-8988-9DC435A26DE3}
	EndProjectSection
EndProject
Project("{8BC9CEB8-8B4A-11D0-8D11-00A0C91BC942}") = "decnumber", "decnumber\decnumber.vcxproj", "{A91D87A3-2800-4D00-8AE0-AEB987269C0D}"
EndProject
Project("{8BC9CEB8-8B4A-11D0-8D11-00A0C91BC942}") = "consts", "consts\consts.vcxproj", "{8FD769B8-B6C6-4794-BDC0-6D0A3652F53E}"
EndProject
Project("{8BC9CEB8-8B4A-11D0-8D11-00A0C91BC942}") = "pdcurses", "pdcurses\pdcurses.vcxproj", "{863E9F3D-3205-44DD-AD14-00811AF44650}"
EndProject
Project("{8BC9CEB8-8B4A-11D0-8D11-00A0C91BC942}") = "catalogs", "catalogs\catalogs.vcxproj", "{51CAF0FD-4E81-439C-AA16-E5D809F6D073}"
EndProject
Project("{8BC9CEB8-8B4A-11D0-8D11-00A0C91BC942}") = "resources", "resources\resources.vcxproj", "{ADA618B6-B975-491D-A635-B6F8A26AB354}"
EndProject
Project("{8BC9CEB8-8B4A-11D0-8D11-00A0C91BC942}") = "wp34sgui", "wp34sgui\wp34sgui.vcxproj", "{D46CD8C4-7DB9-43A3-87C6-3FC0F11CD2E8}"
	ProjectSection(ProjectDependencies) = postProject
		{CE47BB6A-846D-4A8B-BF4D-95D570FED301} = {CE47BB6A-846D-4A8B-BF4D-95D570FED301}
		{762F88A0-B550-4624-8988-9DC435A26DE3} = {762F88A0-B550-4624-8988-9DC435A26DE3}
		{807CB7B3-3D41-4CED-AD53-5F4D32A24064} = {807CB7B3-3D41-4CED-AD53-5F4D32A24064}
	EndProjectSection
EndProject
Project("{8BC9CEB8-8B4A-11D0-8D11-00A0C91BC942}") = "emulator", "emulator\emulator.vcxproj", "{807CB7B3-3D41-4CED-AD53-5F4D32A24064}"
EndProject
Project("{8BC9CEB8-8B4A-11D0-8D11-00A0C91BC942}") = "lcdgen", "lcdgen\lcdgen.vcxproj", "{47E4377C-92D0-49E5-991E-B75BE3B45276}"
EndProject
Project("{8BC9CEB8-8B4A-11D0-8D11-00A0C91BC942}") = "genchars7", "genchars7\genchars7.vcxproj", "{5CBD4C3E-4592-4DF5-A0EA-C22968F9D70F}"
EndProject
Project("{8BC9CEB8-8B4A-11D0-8D11-00A0C91BC942}") = "wp34stest", "wp34stest\wp34stest.vcxproj", "{5EADF5F9-1D18-4AE4-A94C-AFEA41F28F02}"
	ProjectSection(ProjectDependencies) = postProject
		{AA5C473D-87CF-4DB2-911E-B4D256D85466} = {AA5C473D-87CF-4DB2-911E-B4D256D85466}
	EndProjectSection
EndProject
Project("{8BC9CEB8-8B4A-11D0-8D11-00A0C91BC942}") = "mapm", "wp34stest\mapm\mapm.vcxproj", "{AA5C473D-87CF-4DB2-911E-B4D256D85466}"
EndProject
Project("{8BC9CEB8-8B4A-11D0-8D11-00A0C91BC942}") = "create_revision", "create_revision\create_revision.vcxproj", "{CE47BB6A-846D-4A8B-BF4D-95D570FED301}"
EndProject
Project("{8BC9CEB8-8B4A-11D0-8D11-00A0C91BC942}") = "xrom", "xrom\xrom.vcxproj", "{D0BF1C8E-E728-4AF2-BAC5-43FD883FC7D5}"
EndProject
Project("{8BC9CEB8-8B4A-11D0-8D11-00A0C91BC942}") = "genfont", "genfont\genfont.vcxproj", "{762F88A0-B550-4624-8988-9DC435A26DE3}"
EndProject
Project("{8BC9CEB8-8B4A-11D0-8D11-00A0C91BC942}") = "winfont", "winfont\winfont.vcxproj", "{AFF2F74C-0DBC-41C7-9898-13E2EC5CE235}"
EndProject
Global
	GlobalSection(SolutionConfigurationPlatforms) = preSolution
		Debug|Win32 = Debug|Win32
		Release|Win32 = Release|Win32
		Test|Win32 = Test|Win32
	EndGlobalSection
	GlobalSection(ProjectConfigurationPlatforms) = postSolution
		{862DF249-7A82-4DA2-A5CB-5F83E2C40F6B}.Debug|Win32.ActiveCfg = Debug|Win32
		{862DF249-7A82-4DA2-A5CB-5F83E2C40F6B}.Debug|Win32.Build.0 = Debug|Win32
		{862DF249-7A82-4DA2-A5CB-5F83E2C40F6B}.Release|Win32.ActiveCfg = Release|Win32
		{862DF249-7A82-4DA2-A5CB-5F83E2C40F6B}.Release|Win32.Build.0 = Release|Win32
		{862DF249-7A82-4DA2-A5CB-5F83E2C40F6B}.Test|Win32.ActiveCfg = Debug|Win32
		{A91D87A3-2800-4D00-8AE0-AEB987269C0D}.Debug|Win32.ActiveCfg = Debug|Win32
		{A91D87A3-2800-4D00-8AE0-AEB987269C0D}.Debug|Win32.Build.0 = Debug|Win32
		{A91D87A3-2800-4D00-8AE0-AEB987269C0D}.Release|Win32.ActiveCfg = Release|Win32
		{A91D87A3-2800-4D00-8AE0-AEB987269C0D}.Release|Win32.Build.0 = Release|Win32
		{A91D87A3-2800-4D00-8AE0-AEB987269C0D}.Test|Win32.ActiveCfg = Debug|Win32
		{A91D87A3-2800-4D00-8AE0-AEB987269C0D}.Test|Win32.Build.0 = Debug|Win32
		{8FD769B8-B6C6-4794-BDC0-6D0A3652F53E}.Debug|Win32.ActiveCfg = Debug|Win32
		{8FD769B8-B6C6-4794-BDC0-6D0A3652F53E}.Debug|Win32.Build.0 = Debug|Win32
		{8FD769B8-B6C6-4794-BDC0-6D0A3652F53E}.Release|Win32.ActiveCfg = Release|Win32
		{8FD769B8-B6C6-4794-BDC0-6D0A3652F53E}.Release|Win32.Build.0 = Release|Win32
		{8FD769B8-B6C6-4794-BDC0-6D0A3652F53E}.Test|Win32.ActiveCfg = Debug|Win32
		{8FD769B8-B6C6-4794-BDC0-6D0A3652F53E}.Test|Win32.Build.0 = Debug|Win32
		{863E9F3D-3205-44DD-AD14-00811AF44650}.Debug|Win32.ActiveCfg = Debug|Win32
		{863E9F3D-3205-44DD-AD14-00811AF44650}.Debug|Win32.Build.0 = Debug|Win32
		{863E9F3D-3205-44DD-AD14-00811AF44650}.Release|Win32.ActiveCfg = Release|Win32
		{863E9F3D-3205-44DD-AD14-00811AF44650}.Release|Win32.Build.0 = Release|Win32
		{863E9F3D-3205-44DD-AD14-00811AF44650}.Test|Win32.ActiveCfg = Debug|Win32
		{51CAF0FD-4E81-439C-AA16-E5D809F6D073}.Debug|Win32.ActiveCfg = Debug|Win32
		{51CAF0FD-4E81-439C-AA16-E5D809F6D073}.Debug|Win32.Build.0 = Debug|Win32
		{51CAF0FD-4E81-439C-AA16-E5D809F6D073}.Release|Win32.ActiveCfg = Release|Win32
		{51CAF0FD-4E81-439C-AA16-E5D809F6D073}.Release|Win32.Build.0 = Release|Win32
		{51CAF0FD-4E81-439C-AA16-E5D809F6D073}.Test|Win32.ActiveCfg = Debug|Win32
		{51CAF0FD-4E81-439C-AA16-E5D809F6D073}.Test|Win32.Build.0 = Debug|Win32
		{ADA618B6-B975-491D-A635-B6F8A26AB354}.Debug|Win32.ActiveCfg = Release|Win32
		{ADA618B6-B975-491D-A635-B6F8A26AB354}.Release|Win32.ActiveCfg = Release|Win32
		{ADA618B6-B975-491D-A635-B6F8A26AB354}.Test|Win32.ActiveCfg = Release|Win32
		{D46CD8C4-7DB9-43A3-87C6-3FC0F11CD2E8}.Debug|Win32.ActiveCfg = Debug|Win32
		{D46CD8C4-7DB9-43A3-87C6-3FC0F11CD2E8}.Debug|Win32.Build.0 = Debug|Win32
		{D46CD8C4-7DB9-43A3-87C6-3FC0F11CD2E8}.Release|Win32.ActiveCfg = Release|Win32
		{D46CD8C4-7DB9-43A3-87C6-3FC0F11CD2E8}.Release|Win32.Build.0 = Release|Win32
		{D46CD8C4-7DB9-43A3-87C6-3FC0F11CD2E8}.Test|Win32.ActiveCfg = Debug|Win32
		{807CB7B3-3D41-4CED-AD53-5F4D32A24064}.Debug|Win32.ActiveCfg = Debug|Win32
		{807CB7B3-3D41-4CED-AD53-5F4D32A24064}.Debug|Win32.Build.0 = Debug|Win32
		{807CB7B3-3D41-4CED-AD53-5F4D32A24064}.Release|Win32.ActiveCfg = Release|Win32
		{807CB7B3-3D41-4CED-AD53-5F4D32A24064}.Release|Win32.Build.0 = Release|Win32
		{807CB7B3-3D41-4CED-AD53-5F4D32A24064}.Test|Win32.ActiveCfg = Debug|Win32
		{47E4377C-92D0-49E5-991E-B75BE3B45276}.Debug|Win32.ActiveCfg = Debug|Win32
		{47E4377C-92D0-49E5-991E-B75BE3B45276}.Debug|Win32.Build.0 = Debug|Win32
		{47E4377C-92D0-49E5-991E-B75BE3B45276}.Release|Win32.ActiveCfg = Release|Win32
		{47E4377C-92D0-49E5-991E-B75BE3B45276}.Release|Win32.Build.0 = Release|Win32
		{47E4377C-92D0-49E5-991E-B75BE3B45276}.Test|Win32.ActiveCfg = Debug|Win32
		{47E4377C-92D0-49E5-991E-B75BE3B45276}.Test|Win32.Build.0 = Debug|Win32
		{5CBD4C3E-4592-4DF5-A0EA-C22968F9D70F}.Debug|Win32.ActiveCfg = Debug|Win32
		{5CBD4C3E-4592-4DF5-A0EA-C22968F9D70F}.Debug|Win32.Build.0 = Debug|Win32
		{5CBD4C3E-4592-4DF5-A0EA-C22968F9D70F}.Release|Win32.ActiveCfg = Release|Win32
		{5CBD4C3E-4592-4DF5-A0EA-C22968F9D70F}.Release|Win32.Build.0 = Release|Win32
		{5CBD4C3E-4592-4DF5-A0EA-C22968F9D70F}.Test|Win32.ActiveCfg = Debug|Win32
		{5CBD4C3E-4592-4DF5-A0EA-C22968F9D70F}.Test|Win32.Build.0 = Debug|Win32
		{5EADF5F9-1D18-4AE4-A94C-AFEA41F28F02}.Debug|Win32.ActiveCfg = Debug|Win32
		{5EADF5F9-1D18-4AE4-A94C-AFEA41F28F02}.Release|Win32.ActiveCfg = Release|Win32
		{5EADF5F9-1D18-4AE4-A94C-AFEA41F28F02}.Test|Win32.ActiveCfg = Debug|Win32
		{5EADF5F9-1D18-4AE4-A94C-AFEA41F28F02}.Test|Win32.Build.0 = Debug|Win32
		{AA5C473D-87CF-4DB2-911E-B4D256D85466}.Debug|Win32.ActiveCfg = Debug|Win32
		{AA5C473D-87CF-4DB2-911E-B4D256D85466}.Release|Win32.ActiveCfg = Release|Win32
		{AA5C473D-87CF-4DB2-911E-B4D256D85466}.Test|Win32.ActiveCfg = Debug|Win32
		{AA5C473D-87CF-4DB2-911E-B4D256D85466}.Test|Win32.Build.0 = Debug|Win32
		{CE47BB6A-846D-4A8B-BF4D-95D570FED301}.Debug|Win32.ActiveCfg = Debug|Win32
		{CE47BB6A-846D-4A8B-BF4D-95D570FED301}.Debug|Win32.Build.0 = Debug|Win32
		{CE47BB6A-846D-4A8B-BF4D-95D570FED301}.Release|Win32.ActiveCfg = Release|Win32
		{CE47BB6A-846D-4A8B-BF4D-95D570FED301}.Release|Win32.Build.0 = Release|Win32
		{CE47BB6A-846D-4A8B-BF4D-95D570FED301}.Test|Win32.ActiveCfg = Debug|Win32
		{CE47BB6A-846D-4A8B-BF4D-95D570FED301}.Test|Win32.Build.0 = Debug|Win32
		{D0BF1C8E-E728-4AF2-BAC5-43FD883FC7D5}.Debug|Win32.ActiveCfg = Debug|Win32
		{D0BF1C8E-E728-4AF2-BAC5-43FD883FC7D5}.Debug|Win32.Build.0 = Debug|Win32
		{D0BF1C8E-E728-4AF2-BAC5-43FD883FC7D5}.Release|Win32.ActiveCfg = Release|Win32
		{D0BF1C8E-E728-4AF2-BAC5-43FD883FC7D5}.Release|Win32.Build.0 = Release|Win32
		{D0BF1C8E-E728-4AF2-BAC5-43FD883FC7D5}.Test|Win32.ActiveCfg = Debug|Win32
		{D0BF1C8E-E728-4AF2-BAC5-43FD883FC7D5}.Test|Win32.Build.0 = Debug|Win32
		{762F88A0-B550-4624-8988-9DC435A26DE3}.Debug|Win32.ActiveCfg = Debug|Win32
		{762F88A0-B550-4624-8988-9DC435A26DE3}.Debug|Win32.Build.0 = Debug|Win32
		{762F88A0-B550-4624-8988-9DC435A26DE3}.Release|Win32.ActiveCfg = Release|Win32
		{762F88A0-B550-4624-8988-9DC435A26DE3}.Release|Win32.Build.0 = Release|Win32
		{762F88A0-B550-4624-8988-9DC435A26DE3}.Test|Win32.ActiveCfg = Debug|Win32
		{762F88A0-B550-4624-8988-9DC435A26DE3}.Test|Win32.Build.0 = Debug|Win32
		{AFF2F74C-0DBC-41C7-9898-13E2EC5CE235}.Debug|Win32.ActiveCfg = Debug|Win32
		{AFF2F74C-0DBC-41C7-9898-13E2EC5CE235}.Debug|Win32.Build.0 = Debug|Win32
		{AFF2F74C-0DBC-41C7-9898-13E2EC5CE235}.Release|Win32.ActiveCfg = Release|Win32
		{AFF2F74C-0DBC-41C7-9898-13E2EC5CE235}.Release|Win32.Build.0 = Release|Win32
		{AFF2F74C-0DBC-41C7-9898-13E2EC5CE235}.Test|Win32.ActiveCfg = Release|Win32
		{AFF2F74C-0DBC-41C7-9898-13E2EC5CE235}.Test|Win32.Build.0 = Release|Win32
	EndGlobalSection
	GlobalSection(SolutionProperties) = preSolution
		HideSolutionNode = FALSE
	EndGlobalSection
EndGlobal
