
Microsoft Visual Studio Solution File, Format Version 11.00
# Visual C++ Express 2010
Project("{8BC9CEB8-8B4A-11D0-8D11-00A0C91BC942}") = "wp34s", "wp34s\wp34s.vcxproj", "{862DF249-7A82-4DA2-A5CB-5F83E2C40F6B}"
EndProject
Project("{8BC9CEB8-8B4A-11D0-8D11-00A0C91BC942}") = "decnumber", "decnumber\decnumber.vcxproj", "{A91D87A3-2800-4D00-8AE0-AEB987269C0D}"
EndProject
Project("{8BC9CEB8-8B4A-11D0-8D11-00A0C91BC942}") = "consts", "consts\consts.vcxproj", "{8FD769B8-B6C6-4794-BDC0-6D0A3652F53E}"
EndProject
Project("{8BC9CEB8-8B4A-11D0-8D11-00A0C91BC942}") = "pdcurses", "pdcurses\pdcurses.vcxproj", "{863E9F3D-3205-44DD-AD14-00811AF44650}"
EndProject
Project("{8BC9CEB8-8B4A-11D0-8D11-00A0C91BC942}") = "catalogs", "catalogs\catalogs.vcxproj", "{51CAF0FD-4E81-439C-AA16-E5D809F6D073}"
EndProject
Project("{8BC9CEB8-8B4A-11D0-8D11-00A0C91BC942}") = "wp34sgui", "wp34sgui\wp34sgui.vcxproj", "{D46CD8C4-7DB9-43A3-87C6-3FC0F11CD2E8}"
EndProject
Project("{8BC9CEB8-8B4A-11D0-8D11-00A0C91BC942}") = "genchars7", "genchars7\genchars7.vcxproj", "{5CBD4C3E-4592-4DF5-A0EA-C22968F9D70F}"
EndProject
Project("{8BC9CEB8-8B4A-11D0-8D11-00A0C91BC942}") = "lcdgen", "lcdgen\lcdgen.vcxproj", "{47E4377C-92D0-49E5-991E-B75BE3B45276}"
EndProject
Project("{8BC9CEB8-8B4A-11D0-8D11-00A0C91BC942}") = "wp34stest", "wp34stest\wp34stest.vcxproj", "{5EADF5F9-1D18-4AE4-A94C-AFEA41F28F02}"
	ProjectSection(ProjectDependencies) = postProject
		{AA5C473D-87CF-4DB2-911E-B4D256D85466} = {AA5C473D-87CF-4DB2-911E-B4D256D85466}
		{863E9F3D-3205-44DD-AD14-00811AF44650} = {863E9F3D-3205-44DD-AD14-00811AF44650}
		{A91D87A3-2800-4D00-8AE0-AEB987269C0D} = {A91D87A3-2800-4D00-8AE0-AEB987269C0D}
	EndProjectSection
EndProject
Project("{8BC9CEB8-8B4A-11D0-8D11-00A0C91BC942}") = "mapm", "wp34stest\mapm\mapm.vcxproj", "{AA5C473D-87CF-4DB2-911E-B4D256D85466}"
EndProject
Global
	GlobalSection(SolutionConfigurationPlatforms) = preSolution
		Debug|Win32 = Debug|Win32
		Release|Win32 = Release|Win32
	EndGlobalSection
	GlobalSection(ProjectConfigurationPlatforms) = postSolution
		{862DF249-7A82-4DA2-A5CB-5F83E2C40F6B}.Debug|Win32.ActiveCfg = Debug|Win32
		{862DF249-7A82-4DA2-A5CB-5F83E2C40F6B}.Release|Win32.ActiveCfg = Release|Win32
		{A91D87A3-2800-4D00-8AE0-AEB987269C0D}.Debug|Win32.ActiveCfg = Debug|Win32
		{A91D87A3-2800-4D00-8AE0-AEB987269C0D}.Debug|Win32.Build.0 = Debug|Win32
		{A91D87A3-2800-4D00-8AE0-AEB987269C0D}.Release|Win32.ActiveCfg = Release|Win32
		{A91D87A3-2800-4D00-8AE0-AEB987269C0D}.Release|Win32.Build.0 = Release|Win32
		{8FD769B8-B6C6-4794-BDC0-6D0A3652F53E}.Debug|Win32.ActiveCfg = Debug|Win32
		{8FD769B8-B6C6-4794-BDC0-6D0A3652F53E}.Debug|Win32.Build.0 = Debug|Win32
		{8FD769B8-B6C6-4794-BDC0-6D0A3652F53E}.Release|Win32.ActiveCfg = Release|Win32
		{8FD769B8-B6C6-4794-BDC0-6D0A3652F53E}.Release|Win32.Build.0 = Release|Win32
		{863E9F3D-3205-44DD-AD14-00811AF44650}.Debug|Win32.ActiveCfg = Debug|Win32
		{863E9F3D-3205-44DD-AD14-00811AF44650}.Release|Win32.ActiveCfg = Release|Win32
		{51CAF0FD-4E81-439C-AA16-E5D809F6D073}.Debug|Win32.ActiveCfg = Debug|Win32
		{51CAF0FD-4E81-439C-AA16-E5D809F6D073}.Debug|Win32.Build.0 = Debug|Win32
		{51CAF0FD-4E81-439C-AA16-E5D809F6D073}.Release|Win32.ActiveCfg = Release|Win32
		{51CAF0FD-4E81-439C-AA16-E5D809F6D073}.Release|Win32.Build.0 = Release|Win32
		{D46CD8C4-7DB9-43A3-87C6-3FC0F11CD2E8}.Debug|Win32.ActiveCfg = Debug|Win32
		{D46CD8C4-7DB9-43A3-87C6-3FC0F11CD2E8}.Debug|Win32.Build.0 = Debug|Win32
		{D46CD8C4-7DB9-43A3-87C6-3FC0F11CD2E8}.Release|Win32.ActiveCfg = Release|Win32
		{D46CD8C4-7DB9-43A3-87C6-3FC0F11CD2E8}.Release|Win32.Build.0 = Release|Win32
		{5CBD4C3E-4592-4DF5-A0EA-C22968F9D70F}.Debug|Win32.ActiveCfg = Debug|Win32
		{5CBD4C3E-4592-4DF5-A0EA-C22968F9D70F}.Debug|Win32.Build.0 = Debug|Win32
		{5CBD4C3E-4592-4DF5-A0EA-C22968F9D70F}.Release|Win32.ActiveCfg = Release|Win32
		{5CBD4C3E-4592-4DF5-A0EA-C22968F9D70F}.Release|Win32.Build.0 = Release|Win32
		{47E4377C-92D0-49E5-991E-B75BE3B45276}.Debug|Win32.ActiveCfg = Debug|Win32
		{47E4377C-92D0-49E5-991E-B75BE3B45276}.Debug|Win32.Build.0 = Debug|Win32
		{47E4377C-92D0-49E5-991E-B75BE3B45276}.Release|Win32.ActiveCfg = Release|Win32
		{47E4377C-92D0-49E5-991E-B75BE3B45276}.Release|Win32.Build.0 = Release|Win32
		{5EADF5F9-1D18-4AE4-A94C-AFEA41F28F02}.Debug|Win32.ActiveCfg = Debug|Win32
		{5EADF5F9-1D18-4AE4-A94C-AFEA41F28F02}.Debug|Win32.Build.0 = Debug|Win32
		{5EADF5F9-1D18-4AE4-A94C-AFEA41F28F02}.Release|Win32.ActiveCfg = Release|Win32
		{5EADF5F9-1D18-4AE4-A94C-AFEA41F28F02}.Release|Win32.Build.0 = Release|Win32
		{AA5C473D-87CF-4DB2-911E-B4D256D85466}.Debug|Win32.ActiveCfg = Debug|Win32
		{AA5C473D-87CF-4DB2-911E-B4D256D85466}.Debug|Win32.Build.0 = Debug|Win32
		{AA5C473D-87CF-4DB2-911E-B4D256D85466}.Release|Win32.ActiveCfg = Release|Win32
		{AA5C473D-87CF-4DB2-911E-B4D256D85466}.Release|Win32.Build.0 = Release|Win32
	EndGlobalSection
	GlobalSection(SolutionProperties) = preSolution
		HideSolutionNode = FALSE
	EndGlobalSection
EndGlobal
