<?xml version="1.0" encoding="utf-8"?>
<Project ToolsVersion="4.0" xmlns="http://schemas.microsoft.com/developer/msbuild/2003">
  <ItemGroup>
    <Filter Include="Source Files">
      <UniqueIdentifier>{4FC737F1-C7A5-4376-A066-2A32D752A2FF}</UniqueIdentifier>
      <Extensions>cpp;c;cc;cxx;def;odl;idl;hpj;bat;asm;asmx</Extensions>
    </Filter>
    <Filter Include="Header Files">
      <UniqueIdentifier>{93995380-89BD-4b04-88EB-625FBE52EBFB}</UniqueIdentifier>
      <Extensions>h;hpp;hxx;hm;inl;inc;xsd</Extensions>
    </Filter>
    <Filter Include="Resource Files">
      <UniqueIdentifier>{67DA6AB6-F800-4c08-8B7A-83BB121AAD01}</UniqueIdentifier>
      <Extensions>rc;ico;cur;bmp;dlg;rc2;rct;bin;rgs;gif;jpg;jpeg;jpe;resx;tiff;tif;png;wav</Extensions>
    </Filter>
  </ItemGroup>
  <ItemGroup>
    <ClCompile Include="MAPM5SIN.C">
      <Filter>Source Files</Filter>
    </ClCompile>
    <ClCompile Include="MAPM_ADD.C">
      <Filter>Source Files</Filter>
    </ClCompile>
    <ClCompile Include="MAPM_CPI.C">
      <Filter>Source Files</Filter>
    </ClCompile>
    <ClCompile Include="MAPM_DIV.C">
      <Filter>Source Files</Filter>
    </ClCompile>
    <ClCompile Include="MAPM_EXP.C">
      <Filter>Source Files</Filter>
    </ClCompile>
    <ClCompile Include="MAPM_FAM.C">
      <Filter>Source Files</Filter>
    </ClCompile>
    <ClCompile Include="MAPM_FFT.C">
      <Filter>Source Files</Filter>
    </ClCompile>
    <ClCompile Include="MAPM_FLR.C">
      <Filter>Source Files</Filter>
    </ClCompile>
    <ClCompile Include="MAPM_FPF.C">
      <Filter>Source Files</Filter>
    </ClCompile>
    <ClCompile Include="MAPM_GCD.C">
      <Filter>Source Files</Filter>
    </ClCompile>
    <ClCompile Include="MAPM_LG2.C">
      <Filter>Source Files</Filter>
    </ClCompile>
    <ClCompile Include="MAPM_LG3.C">
      <Filter>Source Files</Filter>
    </ClCompile>
    <ClCompile Include="MAPM_LG4.C">
      <Filter>Source Files</Filter>
    </ClCompile>
    <ClCompile Include="MAPM_LOG.C">
      <Filter>Source Files</Filter>
    </ClCompile>
    <ClCompile Include="MAPM_MUL.C">
      <Filter>Source Files</Filter>
    </ClCompile>
    <ClCompile Include="MAPM_POW.C">
      <Filter>Source Files</Filter>
    </ClCompile>
    <ClCompile Include="MAPM_RCP.C">
      <Filter>Source Files</Filter>
    </ClCompile>
    <ClCompile Include="MAPM_RND.C">
      <Filter>Source Files</Filter>
    </ClCompile>
    <ClCompile Include="MAPM_SET.C">
      <Filter>Source Files</Filter>
    </ClCompile>
    <ClCompile Include="MAPM_SIN.C">
      <Filter>Source Files</Filter>
    </ClCompile>
    <ClCompile Include="MAPMASIN.C">
      <Filter>Source Files</Filter>
    </ClCompile>
    <ClCompile Include="MAPMASN0.C">
      <Filter>Source Files</Filter>
    </ClCompile>
    <ClCompile Include="MAPMCBRT.C">
      <Filter>Source Files</Filter>
    </ClCompile>
    <ClCompile Include="MAPMCNST.C">
      <Filter>Source Files</Filter>
    </ClCompile>
    <ClCompile Include="MAPMFACT.C">
      <Filter>Source Files</Filter>
    </ClCompile>
    <ClCompile Include="MAPMFMUL.C">
      <Filter>Source Files</Filter>
    </ClCompile>
    <ClCompile Include="MAPMGUES.C">
      <Filter>Source Files</Filter>
    </ClCompile>
    <ClCompile Include="MAPMHASN.C">
      <Filter>Source Files</Filter>
    </ClCompile>
    <ClCompile Include="MAPMHSIN.C">
      <Filter>Source Files</Filter>
    </ClCompile>
    <ClCompile Include="MAPMIPWR.C">
      <Filter>Source Files</Filter>
    </ClCompile>
    <ClCompile Include="MAPMISTR.C">
      <Filter>Source Files</Filter>
    </ClCompile>
    <ClCompile Include="MAPMPWR2.C">
      <Filter>Source Files</Filter>
    </ClCompile>
    <ClCompile Include="MAPMRSIN.C">
      <Filter>Source Files</Filter>
    </ClCompile>
    <ClCompile Include="MAPMSQRT.C">
      <Filter>Source Files</Filter>
    </ClCompile>
    <ClCompile Include="MAPMSTCK.C">
      <Filter>Source Files</Filter>
    </ClCompile>
    <ClCompile Include="MAPMUTIL.C">
      <Filter>Source Files</Filter>
    </ClCompile>
    <ClCompile Include="MAPMUTL1.C">
      <Filter>Source Files</Filter>
    </ClCompile>
    <ClCompile Include="MAPMUTL2.C">
      <Filter>Source Files</Filter>
    </ClCompile>
  </ItemGroup>
  <ItemGroup>
    <ClInclude Include="M_APM.H">
      <Filter>Header Files</Filter>
    </ClInclude>
    <ClInclude Include="M_APM_LC.H">
      <Filter>Header Files</Filter>
    </ClInclude>
  </ItemGroup>
</Project>