<?xml version="1.0" encoding="utf-8"?>
<Project ToolsVersion="4.0" xmlns="http://schemas.microsoft.com/developer/msbuild/2003">
  <ItemGroup>
    <Filter Include="Generated Files">
      <UniqueIdentifier>{71ED8ED8-ACB9-4CE9-BBE1-E00B30144E11}</UniqueIdentifier>
      <Extensions>cpp;c;cxx;moc;h;def;odl;idl;res;</Extensions>
    </Filter>
    <Filter Include="Generated Files">
      <UniqueIdentifier>{71ED8ED8-ACB9-4CE9-BBE1-E00B30144E11}</UniqueIdentifier>
      <Extensions>cpp;c;cxx;moc;h;def;odl;idl;res;</Extensions>
    </Filter>
    <Filter Include="Header Files">
      <UniqueIdentifier>{93995380-89BD-4b04-88EB-625FBE52EBFB}</UniqueIdentifier>
      <Extensions>h;hpp;hxx;hm;inl;inc;xsd</Extensions>
    </Filter>
    <Filter Include="Header Files">
      <UniqueIdentifier>{93995380-89BD-4b04-88EB-625FBE52EBFB}</UniqueIdentifier>
      <Extensions>h;hpp;hxx;hm;inl;inc;xsd</Extensions>
    </Filter>
    <Filter Include="Source Files">
      <UniqueIdentifier>{4FC737F1-C7A5-4376-A066-2A32D752A2FF}</UniqueIdentifier>
      <Extensions>cpp;c;cxx;def;odl;idl;hpj;bat;asm;asmx</Extensions>
    </Filter>
    <Filter Include="Source Files">
      <UniqueIdentifier>{4FC737F1-C7A5-4376-A066-2A32D752A2FF}</UniqueIdentifier>
      <Extensions>cpp;c;cxx;def;odl;idl;hpj;bat;asm;asmx</Extensions>
    </Filter>
  </ItemGroup>
  <ItemGroup>
    <ClCompile Include="QtBackgroundImage.cpp">
      <Filter>Source Files</Filter>
    </ClCompile>
    <ClCompile Include="QtCalculatorThread.cpp">
      <Filter>Source Files</Filter>
    </ClCompile>
    <ClCompile Include="QtEmulator.cpp">
      <Filter>Source Files</Filter>
    </ClCompile>
    <ClCompile Include="QtGuiMain.cpp">
      <Filter>Source Files</Filter>
    </ClCompile>
    <ClCompile Include="QtHeartBeatThread.cpp">
      <Filter>Source Files</Filter>
    </ClCompile>
    <ClCompile Include="QtKey.cpp">
      <Filter>Source Files</Filter>
    </ClCompile>
    <ClCompile Include="QtKeyCode.cpp">
      <Filter>Source Files</Filter>
    </ClCompile>
    <ClCompile Include="QtKeyboard.cpp">
      <Filter>Source Files</Filter>
    </ClCompile>
    <ClCompile Include="QtNumberPaster.cpp">
      <Filter>Source Files</Filter>
    </ClCompile>
    <ClCompile Include="QtPreferencesDialog.cpp">
      <Filter>Source Files</Filter>
    </ClCompile>
    <ClCompile Include="QtScreen.cpp">
      <Filter>Source Files</Filter>
    </ClCompile>
    <ClCompile Include="QtScreenPainter.cpp">
      <Filter>Source Files</Filter>
    </ClCompile>
    <ClCompile Include="QtSerialPort.cpp">
      <Filter>Source Files</Filter>
    </ClCompile>
    <ClCompile Include="QtSkin.cpp">
      <Filter>Source Files</Filter>
    </ClCompile>
  </ItemGroup>
  <ItemGroup>
    <CustomBuild Include="QtBackgroundImage.h">
      <Filter>Header Files</Filter>
    </CustomBuild>
    <ClInclude Include="QtCalculatorThread.h">
      <Filter>Header Files</Filter>
    </ClInclude>
    <CustomBuild Include="QtEmulator.h">
      <Filter>Header Files</Filter>
    </CustomBuild>
    <ClInclude Include="QtHeartBeatThread.h">
      <Filter>Header Files</Filter>
    </ClInclude>
    <ClInclude Include="QtKey.h">
      <Filter>Header Files</Filter>
    </ClInclude>
    <ClInclude Include="QtKeyCode.h">
      <Filter>Header Files</Filter>
    </ClInclude>
    <CustomBuild Include="QtKeyboard.h">
      <Filter>Header Files</Filter>
    </CustomBuild>
    <ClInclude Include="QtNumberPaster.h">
      <Filter>Header Files</Filter>
    </ClInclude>
    <CustomBuild Include="QtPreferencesDialog.h">
      <Filter>Header Files</Filter>
    </CustomBuild>
    <ClInclude Include="QtScreen.h">
      <Filter>Header Files</Filter>
    </ClInclude>
    <ClInclude Include="QtScreenPainter.h">
      <Filter>Header Files</Filter>
    </ClInclude>
    <CustomBuild Include="QtSerialPort.h">
      <Filter>Header Files</Filter>
    </CustomBuild>
    <ClInclude Include="QtSkin.h">
      <Filter>Header Files</Filter>
    </ClInclude>
  </ItemGroup>
  <ItemGroup>
    <ClCompile Include="debug\moc_QtBackgroundImage.cpp">
      <Filter>Generated Files</Filter>
    </ClCompile>
    <ClCompile Include="release\moc_QtBackgroundImage.cpp">
      <Filter>Generated Files</Filter>
    </ClCompile>
    <ClCompile Include="debug\moc_QtEmulator.cpp">
      <Filter>Generated Files</Filter>
    </ClCompile>
    <ClCompile Include="release\moc_QtEmulator.cpp">
      <Filter>Generated Files</Filter>
    </ClCompile>
    <ClCompile Include="debug\moc_QtKeyboard.cpp">
      <Filter>Generated Files</Filter>
    </ClCompile>
    <ClCompile Include="release\moc_QtKeyboard.cpp">
      <Filter>Generated Files</Filter>
    </ClCompile>
    <ClCompile Include="debug\moc_QtPreferencesDialog.cpp">
      <Filter>Generated Files</Filter>
    </ClCompile>
    <ClCompile Include="release\moc_QtPreferencesDialog.cpp">
      <Filter>Generated Files</Filter>
    </ClCompile>
    <ClCompile Include="debug\moc_QtSerialPort.cpp">
      <Filter>Generated Files</Filter>
    </ClCompile>
    <ClCompile Include="release\moc_QtSerialPort.cpp">
      <Filter>Generated Files</Filter>
    </ClCompile>
  </ItemGroup>
</Project>