<?xml version="1.0" encoding="utf-8"?>
<Project ToolsVersion="4.0" xmlns="http://schemas.microsoft.com/developer/msbuild/2003">
  <ItemGroup>
    <Filter Include="Quelldateien">
      <UniqueIdentifier>{4FC737F1-C7A5-4376-A066-2A32D752A2FF}</UniqueIdentifier>
      <Extensions>cpp;c;cc;cxx;def;odl;idl;hpj;bat;asm;asmx</Extensions>
    </Filter>
    <Filter Include="Headerdateien">
      <UniqueIdentifier>{93995380-89BD-4b04-88EB-625FBE52EBFB}</UniqueIdentifier>
      <Extensions>h;hpp;hxx;hm;inl;inc;xsd</Extensions>
    </Filter>
    <Filter Include="Template Files">
      <UniqueIdentifier>{45e7cffd-da95-4e6d-b68c-f4ad3800123f}</UniqueIdentifier>
    </Filter>
  </ItemGroup>
  <ItemGroup>
    <ClCompile Include="winfont.c">
      <Filter>Quelldateien</Filter>
    </ClCompile>
  </ItemGroup>
  <ItemGroup>
    <ClInclude Include="..\..\font.c">
      <Filter>Headerdateien</Filter>
    </ClInclude>
    <ClInclude Include="..\..\translate.c">
      <Filter>Headerdateien</Filter>
    </ClInclude>
    <ClInclude Include="..\..\charset7.h">
      <Filter>Headerdateien</Filter>
    </ClInclude>
  </ItemGroup>
  <ItemGroup>
    <None Include="TemplateSolid.sfd">
      <Filter>Template Files</Filter>
    </None>
    <None Include="Template.sfd">
      <Filter>Template Files</Filter>
    </None>
    <None Include="TemplateSegment.sfd">
      <Filter>Template Files</Filter>
    </None>
  </ItemGroup>
</Project>