
Microsoft Visual Studio Solution File, Format Version 11.00
# Visual Studio 2010
Project("{8BC9CEB8-8B4A-11D0-8D11-00A0C91BC942}") = "wp34s", "wp34s.vcxproj", "{862DF249-7A82-4DA2-A5CB-5F83E2C40F6B}"
EndProject
Project("{8BC9CEB8-8B4A-11D0-8D11-00A0C91BC942}") = "decnumber", "..\decnumber\decnumber.vcxproj", "{A91D87A3-2800-4D00-8AE0-AEB987269C0D}"
EndProject
Project("{8BC9CEB8-8B4A-11D0-8D11-00A0C91BC942}") = "consts", "..\consts\consts.vcxproj", "{8FD769B8-B6C6-4794-BDC0-6D0A3652F53E}"
EndProject
Project("{8BC9CEB8-8B4A-11D0-8D11-00A0C91BC942}") = "pdcurses", "..\pdcurses\pdcurses.vcxproj", "{863E9F3D-3205-44DD-AD14-00811AF44650}"
EndProject
Project("{8BC9CEB8-8B4A-11D0-8D11-00A0C91BC942}") = "catalogs", "..\catalogs\catalogs.vcxproj", "{51CAF0FD-4E81-439C-AA16-E5D809F6D073}"
EndProject
Project("{8BC9CEB8-8B4A-11D0-8D11-00A0C91BC942}") = "resources", "..\resources\resources.vcxproj", "{ADA618B6-B975-491D-A635-B6F8A26AB354}"
EndProject
Global
	GlobalSection(SolutionConfigurationPlatforms) = preSolution
		Debug|Win32 = Debug|Win32
		Release|Win32 = Release|Win32
	EndGlobalSection
	GlobalSection(ProjectConfigurationPlatforms) = postSolution
		{862DF249-7A82-4DA2-A5CB-5F83E2C40F6B}.Debug|Win32.ActiveCfg = Release|Win32
		{862DF249-7A82-4DA2-A5CB-5F83E2C40F6B}.Debug|Win32.Build.0 = Release|Win32
		{862DF249-7A82-4DA2-A5CB-5F83E2C40F6B}.Release|Win32.ActiveCfg = Release|Win32
		{862DF249-7A82-4DA2-A5CB-5F83E2C40F6B}.Release|Win32.Build.0 = Release|Win32
		{A91D87A3-2800-4D00-8AE0-AEB987269C0D}.Debug|Win32.ActiveCfg = Release|Win32
		{A91D87A3-2800-4D00-8AE0-AEB987269C0D}.Debug|Win32.Build.0 = Release|Win32
		{A91D87A3-2800-4D00-8AE0-AEB987269C0D}.Release|Win32.ActiveCfg = Release|Win32
		{A91D87A3-2800-4D00-8AE0-AEB987269C0D}.Release|Win32.Build.0 = Release|Win32
		{8FD769B8-B6C6-4794-BDC0-6D0A3652F53E}.Debug|Win32.ActiveCfg = Release|Win32
		{8FD769B8-B6C6-4794-BDC0-6D0A3652F53E}.Debug|Win32.Build.0 = Release|Win32
		{8FD769B8-B6C6-4794-BDC0-6D0A3652F53E}.Release|Win32.ActiveCfg = Release|Win32
		{8FD769B8-B6C6-4794-BDC0-6D0A3652F53E}.Release|Win32.Build.0 = Release|Win32
		{863E9F3D-3205-44DD-AD14-00811AF44650}.Debug|Win32.ActiveCfg = Release|Win32
		{863E9F3D-3205-44DD-AD14-00811AF44650}.Debug|Win32.Build.0 = Release|Win32
		{863E9F3D-3205-44DD-AD14-00811AF44650}.Release|Win32.ActiveCfg = Release|Win32
		{863E9F3D-3205-44DD-AD14-00811AF44650}.Release|Win32.Build.0 = Release|Win32
		{51CAF0FD-4E81-439C-AA16-E5D809F6D073}.Debug|Win32.ActiveCfg = Release|Win32
		{51CAF0FD-4E81-439C-AA16-E5D809F6D073}.Debug|Win32.Build.0 = Release|Win32
		{51CAF0FD-4E81-439C-AA16-E5D809F6D073}.Release|Win32.ActiveCfg = Release|Win32
		{51CAF0FD-4E81-439C-AA16-E5D809F6D073}.Release|Win32.Build.0 = Release|Win32
		{ADA618B6-B975-491D-A635-B6F8A26AB354}.Debug|Win32.ActiveCfg = Release|Win32
		{ADA618B6-B975-491D-A635-B6F8A26AB354}.Release|Win32.ActiveCfg = Release|Win32
	EndGlobalSection
	GlobalSection(SolutionProperties) = preSolution
		HideSolutionNode = FALSE
	EndGlobalSection
EndGlobal
