<?xml version="1.0" encoding="utf-8"?>
<Project ToolsVersion="4.0" xmlns="http://schemas.microsoft.com/developer/msbuild/2003">
  <ItemGroup>
    <Filter Include="Source Files">
      <UniqueIdentifier>{4FC737F1-C7A5-4376-A066-2A32D752A2FF}</UniqueIdentifier>
      <Extensions>cpp;c;cc;cxx;def;odl;idl;hpj;bat;asm;asmx</Extensions>
    </Filter>
    <Filter Include="Header Files">
      <UniqueIdentifier>{93995380-89BD-4b04-88EB-625FBE52EBFB}</UniqueIdentifier>
      <Extensions>h;hpp;hxx;hm;inl;inc;xsd</Extensions>
    </Filter>
    <Filter Include="Makefile">
      <UniqueIdentifier>{c550e87e-48ca-4f14-befd-3b95d470a3f9}</UniqueIdentifier>
    </Filter>
  </ItemGroup>
  <ItemGroup>
    <ClCompile Include="..\..\decNumber\decContext.c">
      <Filter>Source Files</Filter>
    </ClCompile>
    <ClCompile Include="..\..\decNumber\decimal128.c">
      <Filter>Source Files</Filter>
    </ClCompile>
    <ClCompile Include="..\..\decNumber\decimal32.c">
      <Filter>Source Files</Filter>
    </ClCompile>
    <ClCompile Include="..\..\decNumber\decimal64.c">
      <Filter>Source Files</Filter>
    </ClCompile>
    <ClCompile Include="..\..\decNumber\decNumber.c">
      <Filter>Source Files</Filter>
    </ClCompile>
    <ClCompile Include="..\..\decNumber\decPacked.c">
      <Filter>Source Files</Filter>
    </ClCompile>
  </ItemGroup>
  <ItemGroup>
    <ClInclude Include="..\..\decNumber\decContext.h">
      <Filter>Header Files</Filter>
    </ClInclude>
    <ClInclude Include="..\..\decNumber\decDPD.h">
      <Filter>Header Files</Filter>
    </ClInclude>
    <ClInclude Include="..\..\decNumber\decimal128.h">
      <Filter>Header Files</Filter>
    </ClInclude>
    <ClInclude Include="..\..\decNumber\decimal32.h">
      <Filter>Header Files</Filter>
    </ClInclude>
    <ClInclude Include="..\..\decNumber\decimal64.h">
      <Filter>Header Files</Filter>
    </ClInclude>
    <ClInclude Include="..\..\decNumber\decNumber.h">
      <Filter>Header Files</Filter>
    </ClInclude>
    <ClInclude Include="..\..\decNumber\decNumberLocal.h">
      <Filter>Header Files</Filter>
    </ClInclude>
    <ClInclude Include="..\..\decNumber\decPacked.h">
      <Filter>Header Files</Filter>
    </ClInclude>
    <ClInclude Include="resource.h">
      <Filter>Header Files</Filter>
    </ClInclude>
  </ItemGroup>
  <ItemGroup>
    <None Include="..\..\decNumber\readme.txt">
      <Filter>Makefile</Filter>
    </None>
    <None Include="..\..\decNumber\Makefile">
      <Filter>Makefile</Filter>
    </None>
  </ItemGroup>
</Project>