<?xml version="1.0" encoding="utf-8"?>
<Project ToolsVersion="4.0" xmlns="http://schemas.microsoft.com/developer/msbuild/2003">
  <ItemGroup>
    <Filter Include="Source Files">
      <UniqueIdentifier>{4FC737F1-C7A5-4376-A066-2A32D752A2FF}</UniqueIdentifier>
      <Extensions>cpp;c;cc;cxx;def;odl;idl;hpj;bat;asm;asmx</Extensions>
    </Filter>
    <Filter Include="Header Files">
      <UniqueIdentifier>{93995380-89BD-4b04-88EB-625FBE52EBFB}</UniqueIdentifier>
      <Extensions>h;hpp;hxx;hm;inl;inc;xsd</Extensions>
    </Filter>
  </ItemGroup>
  <ItemGroup>
    <ClCompile Include="..\..\alpha.c">
      <Filter>Source Files</Filter>
    </ClCompile>
    <ClCompile Include="..\..\charmap.c">
      <Filter>Source Files</Filter>
    </ClCompile>
    <ClCompile Include="..\..\commands.c">
      <Filter>Source Files</Filter>
    </ClCompile>
    <ClCompile Include="..\..\complex.c">
      <Filter>Source Files</Filter>
    </ClCompile>
    <ClCompile Include="..\..\consts.c">
      <Filter>Source Files</Filter>
    </ClCompile>
    <ClCompile Include="..\..\date.c">
      <Filter>Source Files</Filter>
    </ClCompile>
    <ClCompile Include="..\..\decn.c">
      <Filter>Source Files</Filter>
    </ClCompile>
    <ClCompile Include="..\..\display.c">
      <Filter>Source Files</Filter>
    </ClCompile>
    <ClCompile Include="..\..\int.c">
      <Filter>Source Files</Filter>
    </ClCompile>
    <ClCompile Include="..\..\keys.c">
      <Filter>Source Files</Filter>
    </ClCompile>
    <ClCompile Include="..\..\lcd.c">
      <Filter>Source Files</Filter>
    </ClCompile>
    <ClCompile Include="..\..\prt.c">
      <Filter>Source Files</Filter>
    </ClCompile>
    <ClCompile Include="..\..\stats.c">
      <Filter>Source Files</Filter>
    </ClCompile>
    <ClCompile Include="..\..\string.c">
      <Filter>Source Files</Filter>
    </ClCompile>
    <ClCompile Include="..\..\xeq.c">
      <Filter>Source Files</Filter>
    </ClCompile>
    <ClCompile Include="..\..\xrom.c">
      <Filter>Source Files</Filter>
    </ClCompile>
    <ClCompile Include="..\..\console.c">
      <Filter>Source Files</Filter>
    </ClCompile>
    <ClCompile Include="..\..\allconsts.c">
      <Filter>Source Files</Filter>
    </ClCompile>
    <ClCompile Include="..\win32.c">
      <Filter>Source Files</Filter>
    </ClCompile>
    <ClCompile Include="..\..\storage.c">
      <Filter>Source Files</Filter>
    </ClCompile>
    <ClCompile Include="..\..\serial.c">
      <Filter>Source Files</Filter>
    </ClCompile>
    <ClCompile Include="..\..\winserial.c">
      <Filter>Source Files</Filter>
    </ClCompile>
  </ItemGroup>
  <ItemGroup>
    <ClInclude Include="..\..\alpha.h">
      <Filter>Header Files</Filter>
    </ClInclude>
    <ClInclude Include="..\..\charset.h">
      <Filter>Header Files</Filter>
    </ClInclude>
    <ClInclude Include="..\..\complex.h">
      <Filter>Header Files</Filter>
    </ClInclude>
    <ClInclude Include="..\..\consts.h">
      <Filter>Header Files</Filter>
    </ClInclude>
    <ClInclude Include="..\..\date.h">
      <Filter>Header Files</Filter>
    </ClInclude>
    <ClInclude Include="..\..\decn.h">
      <Filter>Header Files</Filter>
    </ClInclude>
    <ClInclude Include="..\..\display.h">
      <Filter>Header Files</Filter>
    </ClInclude>
    <ClInclude Include="..\..\int.h">
      <Filter>Header Files</Filter>
    </ClInclude>
    <ClInclude Include="..\..\keys.h">
      <Filter>Header Files</Filter>
    </ClInclude>
    <ClInclude Include="..\..\lcd.h">
      <Filter>Header Files</Filter>
    </ClInclude>
    <ClInclude Include="..\..\statebits.h">
      <Filter>Header Files</Filter>
    </ClInclude>
    <ClInclude Include="..\..\stats.h">
      <Filter>Header Files</Filter>
    </ClInclude>
    <ClInclude Include="..\..\xeq.h">
      <Filter>Header Files</Filter>
    </ClInclude>
    <ClInclude Include="..\..\xrom.h">
      <Filter>Header Files</Filter>
    </ClInclude>
    <ClInclude Include="..\..\features.h">
      <Filter>Header Files</Filter>
    </ClInclude>
    <ClInclude Include="..\..\charset7.h">
      <Filter>Header Files</Filter>
    </ClInclude>
    <ClInclude Include="..\win32.h">
      <Filter>Header Files</Filter>
    </ClInclude>
    <ClInclude Include="..\..\storage.h">
      <Filter>Header Files</Filter>
    </ClInclude>
    <ClInclude Include="..\..\data.h">
      <Filter>Header Files</Filter>
    </ClInclude>
    <ClInclude Include="..\..\serial.h">
      <Filter>Header Files</Filter>
    </ClInclude>
  </ItemGroup>
</Project>